// !$*UTF8*$!
{
	archiveVersion = 1;
	classes = {
	};
	objectVersion = 56;
	objects = {

/* Begin PBXBuildFile section */
		E73D41942AE2480700DD4680 /* AppDelegate.swift in Sources */ = {isa = PBXBuildFile; fileRef = E73D41932AE2480700DD4680 /* AppDelegate.swift */; };
		E73D41962AE2480700DD4680 /* SceneDelegate.swift in Sources */ = {isa = PBXBuildFile; fileRef = E73D41952AE2480700DD4680 /* SceneDelegate.swift */; };
		E73D41982AE2480700DD4680 /* StopWatchController.swift in Sources */ = {isa = PBXBuildFile; fileRef = E73D41972AE2480700DD4680 /* StopWatchController.swift */; };
		E73D419D2AE2480800DD4680 /* Assets.xcassets in Resources */ = {isa = PBXBuildFile; fileRef = E73D419C2AE2480800DD4680 /* Assets.xcassets */; };
		E73D41A02AE2480800DD4680 /* LaunchScreen.storyboard in Resources */ = {isa = PBXBuildFile; fileRef = E73D419E2AE2480800DD4680 /* LaunchScreen.storyboard */; };
		E79035F72AE2F6D200384005 /* ButtonTag.swift in Sources */ = {isa = PBXBuildFile; fileRef = E79035F62AE2F6D200384005 /* ButtonTag.swift */; };
		E7C1A1CD2AE3AA670021155F /* Error.swift in Sources */ = {isa = PBXBuildFile; fileRef = E7C1A1CC2AE3AA670021155F /* Error.swift */; };
		E7F87D4D2AE2CED000713A1C /* LogTableViewCell.swift in Sources */ = {isa = PBXBuildFile; fileRef = E7F87D4C2AE2CED000713A1C /* LogTableViewCell.swift */; };
		E7FC27E42AE2902B003F1868 /* StopWatchUIView.swift in Sources */ = {isa = PBXBuildFile; fileRef = E7FC27E32AE2902B003F1868 /* StopWatchUIView.swift */; };
		E7FC27E72AE2949D003F1868 /* SnapKit in Frameworks */ = {isa = PBXBuildFile; productRef = E7FC27E62AE2949D003F1868 /* SnapKit */; };
		E7FC27E92AE2949D003F1868 /* SnapKit-Dynamic in Frameworks */ = {isa = PBXBuildFile; productRef = E7FC27E82AE2949D003F1868 /* SnapKit-Dynamic */; };
/* End PBXBuildFile section */

/* Begin PBXFileReference section */
		E73D41902AE2480700DD4680 /* StopWatch.app */ = {isa = PBXFileReference; explicitFileType = wrapper.application; includeInIndex = 0; path = StopWatch.app; sourceTree = BUILT_PRODUCTS_DIR; };
		E73D41932AE2480700DD4680 /* AppDelegate.swift */ = {isa = PBXFileReference; lastKnownFileType = sourcecode.swift; path = AppDelegate.swift; sourceTree = "<group>"; };
		E73D41952AE2480700DD4680 /* SceneDelegate.swift */ = {isa = PBXFileReference; lastKnownFileType = sourcecode.swift; path = SceneDelegate.swift; sourceTree = "<group>"; };
		E73D41972AE2480700DD4680 /* StopWatchController.swift */ = {isa = PBXFileReference; lastKnownFileType = sourcecode.swift; path = StopWatchController.swift; sourceTree = "<group>"; };
		E73D419C2AE2480800DD4680 /* Assets.xcassets */ = {isa = PBXFileReference; lastKnownFileType = folder.assetcatalog; path = Assets.xcassets; sourceTree = "<group>"; };
		E73D419F2AE2480800DD4680 /* Base */ = {isa = PBXFileReference; lastKnownFileType = file.storyboard; name = Base; path = Base.lproj/LaunchScreen.storyboard; sourceTree = "<group>"; };
		E73D41A12AE2480800DD4680 /* Info.plist */ = {isa = PBXFileReference; lastKnownFileType = text.plist.xml; path = Info.plist; sourceTree = "<group>"; };
		E79035F62AE2F6D200384005 /* ButtonTag.swift */ = {isa = PBXFileReference; lastKnownFileType = sourcecode.swift; path = ButtonTag.swift; sourceTree = "<group>"; };
		E7C1A1CC2AE3AA670021155F /* Error.swift */ = {isa = PBXFileReference; lastKnownFileType = sourcecode.swift; path = Error.swift; sourceTree = "<group>"; };
		E7F87D4C2AE2CED000713A1C /* LogTableViewCell.swift */ = {isa = PBXFileReference; lastKnownFileType = sourcecode.swift; path = LogTableViewCell.swift; sourceTree = "<group>"; };
		E7FC27E32AE2902B003F1868 /* StopWatchUIView.swift */ = {isa = PBXFileReference; lastKnownFileType = sourcecode.swift; path = StopWatchUIView.swift; sourceTree = "<group>"; };
/* End PBXFileReference section */

/* Begin PBXFrameworksBuildPhase section */
		E73D418D2AE2480700DD4680 /* Frameworks */ = {
			isa = PBXFrameworksBuildPhase;
			buildActionMask = 2147483647;
			files = (
				E7FC27E72AE2949D003F1868 /* SnapKit in Frameworks */,
				E7FC27E92AE2949D003F1868 /* SnapKit-Dynamic in Frameworks */,
			);
			runOnlyForDeploymentPostprocessing = 0;
		};
/* End PBXFrameworksBuildPhase section */

/* Begin PBXGroup section */
		E73D41872AE2480700DD4680 = {
			isa = PBXGroup;
			children = (
				E73D41922AE2480700DD4680 /* StopWatch */,
				E73D41912AE2480700DD4680 /* Products */,
			);
			sourceTree = "<group>";
		};
		E73D41912AE2480700DD4680 /* Products */ = {
			isa = PBXGroup;
			children = (
				E73D41902AE2480700DD4680 /* StopWatch.app */,
			);
			name = Products;
			sourceTree = "<group>";
		};
		E73D41922AE2480700DD4680 /* StopWatch */ = {
			isa = PBXGroup;
			children = (
				E73D41932AE2480700DD4680 /* AppDelegate.swift */,
				E73D41952AE2480700DD4680 /* SceneDelegate.swift */,
				E7C1A1CB2AE3AA530021155F /* Error */,
				E79035F52AE2F69E00384005 /* Model */,
				E7FA3E912AE24FEB001F13FD /* View */,
				E7FA3E902AE24FD1001F13FD /* Controller */,
				E73D419E2AE2480800DD4680 /* LaunchScreen.storyboard */,
				E73D41A12AE2480800DD4680 /* Info.plist */,
				E73D419C2AE2480800DD4680 /* Assets.xcassets */,
			);
			path = StopWatch;
			sourceTree = "<group>";
		};
		E79035F52AE2F69E00384005 /* Model */ = {
			isa = PBXGroup;
			children = (
				E79035F62AE2F6D200384005 /* ButtonTag.swift */,
			);
			path = Model;
			sourceTree = "<group>";
		};
		E7C1A1CB2AE3AA530021155F /* Error */ = {
			isa = PBXGroup;
			children = (
				E7C1A1CC2AE3AA670021155F /* Error.swift */,
			);
			path = Error;
			sourceTree = "<group>";
		};
		E7F87D4B2AE2CEBF00713A1C /* Cell */ = {
			isa = PBXGroup;
			children = (
				E7F87D4C2AE2CED000713A1C /* LogTableViewCell.swift */,
			);
			path = Cell;
			sourceTree = "<group>";
		};
		E7FA3E902AE24FD1001F13FD /* Controller */ = {
			isa = PBXGroup;
			children = (
				E73D41972AE2480700DD4680 /* StopWatchController.swift */,
			);
			path = Controller;
			sourceTree = "<group>";
		};
		E7FA3E912AE24FEB001F13FD /* View */ = {
			isa = PBXGroup;
			children = (
				E7F87D4B2AE2CEBF00713A1C /* Cell */,
				E7FC27E32AE2902B003F1868 /* StopWatchUIView.swift */,
			);
			path = View;
			sourceTree = "<group>";
		};
/* End PBXGroup section */

/* Begin PBXNativeTarget section */
		E73D418F2AE2480700DD4680 /* StopWatch */ = {
			isa = PBXNativeTarget;
			buildConfigurationList = E73D41A42AE2480800DD4680 /* Build configuration list for PBXNativeTarget "StopWatch" */;
			buildPhases = (
				E73D418C2AE2480700DD4680 /* Sources */,
				E73D418D2AE2480700DD4680 /* Frameworks */,
				E73D418E2AE2480700DD4680 /* Resources */,
			);
			buildRules = (
			);
			dependencies = (
			);
			name = StopWatch;
			packageProductDependencies = (
				E7FC27E62AE2949D003F1868 /* SnapKit */,
				E7FC27E82AE2949D003F1868 /* SnapKit-Dynamic */,
			);
			productName = StopWatch;
			productReference = E73D41902AE2480700DD4680 /* StopWatch.app */;
			productType = "com.apple.product-type.application";
		};
/* End PBXNativeTarget section */

/* Begin PBXProject section */
		E73D41882AE2480700DD4680 /* Project object */ = {
			isa = PBXProject;
			attributes = {
				BuildIndependentTargetsInParallel = 1;
				LastSwiftUpdateCheck = 1500;
				LastUpgradeCheck = 1500;
				TargetAttributes = {
					E73D418F2AE2480700DD4680 = {
						CreatedOnToolsVersion = 15.0;
					};
				};
			};
			buildConfigurationList = E73D418B2AE2480700DD4680 /* Build configuration list for PBXProject "StopWatch" */;
			compatibilityVersion = "Xcode 14.0";
			developmentRegion = en;
			hasScannedForEncodings = 0;
			knownRegions = (
				en,
				Base,
			);
			mainGroup = E73D41872AE2480700DD4680;
			packageReferences = (
				E7FC27E52AE2949D003F1868 /* XCRemoteSwiftPackageReference "SnapKit" */,
			);
			productRefGroup = E73D41912AE2480700DD4680 /* Products */;
			projectDirPath = "";
			projectRoot = "";
			targets = (
				E73D418F2AE2480700DD4680 /* StopWatch */,
			);
		};
/* End PBXProject section */

/* Begin PBXResourcesBuildPhase section */
		E73D418E2AE2480700DD4680 /* Resources */ = {
			isa = PBXResourcesBuildPhase;
			buildActionMask = 2147483647;
			files = (
				E73D41A02AE2480800DD4680 /* LaunchScreen.storyboard in Resources */,
				E73D419D2AE2480800DD4680 /* Assets.xcassets in Resources */,
			);
			runOnlyForDeploymentPostprocessing = 0;
		};
/* End PBXResourcesBuildPhase section */

/* Begin PBXSourcesBuildPhase section */
		E73D418C2AE2480700DD4680 /* Sources */ = {
			isa = PBXSourcesBuildPhase;
			buildActionMask = 2147483647;
			files = (
				E7F87D4D2AE2CED000713A1C /* LogTableViewCell.swift in Sources */,
				E79035F72AE2F6D200384005 /* ButtonTag.swift in Sources */,
				E73D41982AE2480700DD4680 /* StopWatchController.swift in Sources */,
				E73D41942AE2480700DD4680 /* AppDelegate.swift in Sources */,
				E7FC27E42AE2902B003F1868 /* StopWatchUIView.swift in Sources */,
				E7C1A1CD2AE3AA670021155F /* Error.swift in Sources */,
				E73D41962AE2480700DD4680 /* SceneDelegate.swift in Sources */,
			);
			runOnlyForDeploymentPostprocessing = 0;
		};
/* End PBXSourcesBuildPhase section */

/* Begin PBXVariantGroup section */
		E73D419E2AE2480800DD4680 /* LaunchScreen.storyboard */ = {
			isa = PBXVariantGroup;
			children = (
				E73D419F2AE2480800DD4680 /* Base */,
			);
			name = LaunchScreen.storyboard;
			sourceTree = "<group>";
		};
/* End PBXVariantGroup section */

/* Begin XCBuildConfiguration section */
		E73D41A22AE2480800DD4680 /* Debug */ = {
			isa = XCBuildConfiguration;
			buildSettings = {
				ALWAYS_SEARCH_USER_PATHS = NO;
				ASSETCATALOG_COMPILER_GENERATE_SWIFT_ASSET_SYMBOL_EXTENSIONS = YES;
				CLANG_ANALYZER_NONNULL = YES;
				CLANG_ANALYZER_NUMBER_OBJECT_CONVERSION = YES_AGGRESSIVE;
				CLANG_CXX_LANGUAGE_STANDARD = "gnu++20";
				CLANG_ENABLE_MODULES = YES;
				CLANG_ENABLE_OBJC_ARC = YES;
				CLANG_ENABLE_OBJC_WEAK = YES;
				CLANG_WARN_BLOCK_CAPTURE_AUTORELEASING = YES;
				CLANG_WARN_BOOL_CONVERSION = YES;
				CLANG_WARN_COMMA = YES;
				CLANG_WARN_CONSTANT_CONVERSION = YES;
				CLANG_WARN_DEPRECATED_OBJC_IMPLEMENTATIONS = YES;
				CLANG_WARN_DIRECT_OBJC_ISA_USAGE = YES_ERROR;
				CLANG_WARN_DOCUMENTATION_COMMENTS = YES;
				CLANG_WARN_EMPTY_BODY = YES;
				CLANG_WARN_ENUM_CONVERSION = YES;
				CLANG_WARN_INFINITE_RECURSION = YES;
				CLANG_WARN_INT_CONVERSION = YES;
				CLANG_WARN_NON_LITERAL_NULL_CONVERSION = YES;
				CLANG_WARN_OBJC_IMPLICIT_RETAIN_SELF = YES;
				CLANG_WARN_OBJC_LITERAL_CONVERSION = YES;
				CLANG_WARN_OBJC_ROOT_CLASS = YES_ERROR;
				CLANG_WARN_QUOTED_INCLUDE_IN_FRAMEWORK_HEADER = YES;
				CLANG_WARN_RANGE_LOOP_ANALYSIS = YES;
				CLANG_WARN_STRICT_PROTOTYPES = YES;
				CLANG_WARN_SUSPICIOUS_MOVE = YES;
				CLANG_WARN_UNGUARDED_AVAILABILITY = YES_AGGRESSIVE;
				CLANG_WARN_UNREACHABLE_CODE = YES;
				CLANG_WARN__DUPLICATE_METHOD_MATCH = YES;
				COPY_PHASE_STRIP = NO;
				DEBUG_INFORMATION_FORMAT = dwarf;
				ENABLE_STRICT_OBJC_MSGSEND = YES;
				ENABLE_TESTABILITY = YES;
				ENABLE_USER_SCRIPT_SANDBOXING = YES;
				GCC_C_LANGUAGE_STANDARD = gnu17;
				GCC_DYNAMIC_NO_PIC = NO;
				GCC_NO_COMMON_BLOCKS = YES;
				GCC_OPTIMIZATION_LEVEL = 0;
				GCC_PREPROCESSOR_DEFINITIONS = (
					"DEBUG=1",
					"$(inherited)",
				);
				GCC_WARN_64_TO_32_BIT_CONVERSION = YES;
				GCC_WARN_ABOUT_RETURN_TYPE = YES_ERROR;
				GCC_WARN_UNDECLARED_SELECTOR = YES;
				GCC_WARN_UNINITIALIZED_AUTOS = YES_AGGRESSIVE;
				GCC_WARN_UNUSED_FUNCTION = YES;
				GCC_WARN_UNUSED_VARIABLE = YES;
				IPHONEOS_DEPLOYMENT_TARGET = 17.0;
				LOCALIZATION_PREFERS_STRING_CATALOGS = YES;
				MTL_ENABLE_DEBUG_INFO = INCLUDE_SOURCE;
				MTL_FAST_MATH = YES;
				ONLY_ACTIVE_ARCH = YES;
				SDKROOT = iphoneos;
				SWIFT_ACTIVE_COMPILATION_CONDITIONS = "DEBUG $(inherited)";
				SWIFT_OPTIMIZATION_LEVEL = "-Onone";
			};
			name = Debug;
		};
		E73D41A32AE2480800DD4680 /* Release */ = {
			isa = XCBuildConfiguration;
			buildSettings = {
				ALWAYS_SEARCH_USER_PATHS = NO;
				ASSETCATALOG_COMPILER_GENERATE_SWIFT_ASSET_SYMBOL_EXTENSIONS = YES;
				CLANG_ANALYZER_NONNULL = YES;
				CLANG_ANALYZER_NUMBER_OBJECT_CONVERSION = YES_AGGRESSIVE;
				CLANG_CXX_LANGUAGE_STANDARD = "gnu++20";
				CLANG_ENABLE_MODULES = YES;
				CLANG_ENABLE_OBJC_ARC = YES;
				CLANG_ENABLE_OBJC_WEAK = YES;
				CLANG_WARN_BLOCK_CAPTURE_AUTORELEASING = YES;
				CLANG_WARN_BOOL_CONVERSION = YES;
				CLANG_WARN_COMMA = YES;
				CLANG_WARN_CONSTANT_CONVERSION = YES;
				CLANG_WARN_DEPRECATED_OBJC_IMPLEMENTATIONS = YES;
				CLANG_WARN_DIRECT_OBJC_ISA_USAGE = YES_ERROR;
				CLANG_WARN_DOCUMENTATION_COMMENTS = YES;
				CLANG_WARN_EMPTY_BODY = YES;
				CLANG_WARN_ENUM_CONVERSION = YES;
				CLANG_WARN_INFINITE_RECURSION = YES;
				CLANG_WARN_INT_CONVERSION = YES;
				CLANG_WARN_NON_LITERAL_NULL_CONVERSION = YES;
				CLANG_WARN_OBJC_IMPLICIT_RETAIN_SELF = YES;
				CLANG_WARN_OBJC_LITERAL_CONVERSION = YES;
				CLANG_WARN_OBJC_ROOT_CLASS = YES_ERROR;
				CLANG_WARN_QUOTED_INCLUDE_IN_FRAMEWORK_HEADER = YES;
				CLANG_WARN_RANGE_LOOP_ANALYSIS = YES;
				CLANG_WARN_STRICT_PROTOTYPES = YES;
				CLANG_WARN_SUSPICIOUS_MOVE = YES;
				CLANG_WARN_UNGUARDED_AVAILABILITY = YES_AGGRESSIVE;
				CLANG_WARN_UNREACHABLE_CODE = YES;
				CLANG_WARN__DUPLICATE_METHOD_MATCH = YES;
				COPY_PHASE_STRIP = NO;
				DEBUG_INFORMATION_FORMAT = "dwarf-with-dsym";
				ENABLE_NS_ASSERTIONS = NO;
				ENABLE_STRICT_OBJC_MSGSEND = YES;
				ENABLE_USER_SCRIPT_SANDBOXING = YES;
				GCC_C_LANGUAGE_STANDARD = gnu17;
				GCC_NO_COMMON_BLOCKS = YES;
				GCC_WARN_64_TO_32_BIT_CONVERSION = YES;
				GCC_WARN_ABOUT_RETURN_TYPE = YES_ERROR;
				GCC_WARN_UNDECLARED_SELECTOR = YES;
				GCC_WARN_UNINITIALIZED_AUTOS = YES_AGGRESSIVE;
				GCC_WARN_UNUSED_FUNCTION = YES;
				GCC_WARN_UNUSED_VARIABLE = YES;
				IPHONEOS_DEPLOYMENT_TARGET = 17.0;
				LOCALIZATION_PREFERS_STRING_CATALOGS = YES;
				MTL_ENABLE_DEBUG_INFO = NO;
				MTL_FAST_MATH = YES;
				SDKROOT = iphoneos;
				SWIFT_COMPILATION_MODE = wholemodule;
				VALIDATE_PRODUCT = YES;
			};
			name = Release;
		};
		E73D41A52AE2480800DD4680 /* Debug */ = {
			isa = XCBuildConfiguration;
			buildSettings = {
				ASSETCATALOG_COMPILER_APPICON_NAME = AppIcon;
				ASSETCATALOG_COMPILER_GLOBAL_ACCENT_COLOR_NAME = AccentColor;
				CODE_SIGN_STYLE = Automatic;
				CURRENT_PROJECT_VERSION = 1;
				DEVELOPMENT_TEAM = L5DCMH8QWJ;
				GENERATE_INFOPLIST_FILE = YES;
				INFOPLIST_FILE = StopWatch/Info.plist;
				INFOPLIST_KEY_UIApplicationSupportsIndirectInputEvents = YES;
				INFOPLIST_KEY_UILaunchStoryboardName = LaunchScreen;
				INFOPLIST_KEY_UISupportedInterfaceOrientations_iPad = "UIInterfaceOrientationPortrait UIInterfaceOrientationPortraitUpsideDown UIInterfaceOrientationLandscapeLeft UIInterfaceOrientationLandscapeRight";
				INFOPLIST_KEY_UISupportedInterfaceOrientations_iPhone = "UIInterfaceOrientationPortrait UIInterfaceOrientationLandscapeLeft UIInterfaceOrientationLandscapeRight";
				LD_RUNPATH_SEARCH_PATHS = (
					"$(inherited)",
					"@executable_path/Frameworks",
				);
				MARKETING_VERSION = 1.0;
				PRODUCT_BUNDLE_IDENTIFIER = com.StopWatch;
				PRODUCT_NAME = "$(TARGET_NAME)";
				SWIFT_EMIT_LOC_STRINGS = YES;
				SWIFT_VERSION = 5.0;
				TARGETED_DEVICE_FAMILY = "1,2";
			};
			name = Debug;
		};
		E73D41A62AE2480800DD4680 /* Release */ = {
			isa = XCBuildConfiguration;
			buildSettings = {
				ASSETCATALOG_COMPILER_APPICON_NAME = AppIcon;
				ASSETCATALOG_COMPILER_GLOBAL_ACCENT_COLOR_NAME = AccentColor;
				CODE_SIGN_STYLE = Automatic;
				CURRENT_PROJECT_VERSION = 1;
				DEVELOPMENT_TEAM = L5DCMH8QWJ;
				GENERATE_INFOPLIST_FILE = YES;
				INFOPLIST_FILE = StopWatch/Info.plist;
				INFOPLIST_KEY_UIApplicationSupportsIndirectInputEvents = YES;
				INFOPLIST_KEY_UILaunchStoryboardName = LaunchScreen;
				INFOPLIST_KEY_UISupportedInterfaceOrientations_iPad = "UIInterfaceOrientationPortrait UIInterfaceOrientationPortraitUpsideDown UIInterfaceOrientationLandscapeLeft UIInterfaceOrientationLandscapeRight";
				INFOPLIST_KEY_UISupportedInterfaceOrientations_iPhone = "UIInterfaceOrientationPortrait UIInterfaceOrientationLandscapeLeft UIInterfaceOrientationLandscapeRight";
				LD_RUNPATH_SEARCH_PATHS = (
					"$(inherited)",
					"@executable_path/Frameworks",
				);
				MARKETING_VERSION = 1.0;
				PRODUCT_BUNDLE_IDENTIFIER = com.StopWatch;
				PRODUCT_NAME = "$(TARGET_NAME)";
				SWIFT_EMIT_LOC_STRINGS = YES;
				SWIFT_VERSION = 5.0;
				TARGETED_DEVICE_FAMILY = "1,2";
			};
			name = Release;
		};
/* End XCBuildConfiguration section */

/* Begin XCConfigurationList section */
		E73D418B2AE2480700DD4680 /* Build configuration list for PBXProject "StopWatch" */ = {
			isa = XCConfigurationList;
			buildConfigurations = (
				E73D41A22AE2480800DD4680 /* Debug */,
				E73D41A32AE2480800DD4680 /* Release */,
			);
			defaultConfigurationIsVisible = 0;
			defaultConfigurationName = Release;
		};
		E73D41A42AE2480800DD4680 /* Build configuration list for PBXNativeTarget "StopWatch" */ = {
			isa = XCConfigurationList;
			buildConfigurations = (
				E73D41A52AE2480800DD4680 /* Debug */,
				E73D41A62AE2480800DD4680 /* Release */,
			);
			defaultConfigurationIsVisible = 0;
			defaultConfigurationName = Release;
		};
/* End XCConfigurationList section */

/* Begin XCRemoteSwiftPackageReference section */
		E7FC27E52AE2949D003F1868 /* XCRemoteSwiftPackageReference "SnapKit" */ = {
			isa = XCRemoteSwiftPackageReference;
			repositoryURL = "https://github.com/SnapKit/SnapKit.git";
			requirement = {
				kind = upToNextMajorVersion;
				minimumVersion = 5.6.0;
			};
		};
/* End XCRemoteSwiftPackageReference section */

/* Begin XCSwiftPackageProductDependency section */
		E7FC27E62AE2949D003F1868 /* SnapKit */ = {
			isa = XCSwiftPackageProductDependency;
			package = E7FC27E52AE2949D003F1868 /* XCRemoteSwiftPackageReference "SnapKit" */;
			productName = SnapKit;
		};
		E7FC27E82AE2949D003F1868 /* SnapKit-Dynamic */ = {
			isa = XCSwiftPackageProductDependency;
			package = E7FC27E52AE2949D003F1868 /* XCRemoteSwiftPackageReference "SnapKit" */;
			productName = "SnapKit-Dynamic";
		};
/* End XCSwiftPackageProductDependency section */
	};
	rootObject = E73D41882AE2480700DD4680 /* Project object */;
}
